// !$*UTF8*$!
{
	archiveVersion = 1;
	classes = {
	};
	objectVersion = 50;
	objects = {

/* Begin PBXBuildFile section */
		405A8D292A924230094B874F /* Pods_WMProject.framework in Frameworks */ = {isa = PBXBuildFile; fileRef = BB54AD7095ED0612A2E696F3 /* Pods_WMProject.framework */; };
		6137E83A21117A5400E7CD29 /* AppDelegate.swift in Sources */ = {isa = PBXBuildFile; fileRef = 6137E83921117A5400E7CD29 /* AppDelegate.swift */; };
		6137E83C21117A5400E7CD29 /* ViewController.swift in Sources */ = {isa = PBXBuildFile; fileRef = 6137E83B21117A5400E7CD29 /* ViewController.swift */; };
		6137E83F21117A5400E7CD29 /* Main.storyboard in Resources */ = {isa = PBXBuildFile; fileRef = 6137E83D21117A5400E7CD29 /* Main.storyboard */; };
		6137E84121117A5400E7CD29 /* Assets.xcassets in Resources */ = {isa = PBXBuildFile; fileRef = 6137E84021117A5400E7CD29 /* Assets.xcassets */; };
		6137E84421117A5400E7CD29 /* LaunchScreen.storyboard in Resources */ = {isa = PBXBuildFile; fileRef = 6137E84221117A5400E7CD29 /* LaunchScreen.storyboard */; };
		6137E85221117FA800E7CD29 /* BaseController.swift in Sources */ = {isa = PBXBuildFile; fileRef = 6137E84E21117FA800E7CD29 /* BaseController.swift */; };
		6137E85321117FA800E7CD29 /* BaseTableView.swift in Sources */ = {isa = PBXBuildFile; fileRef = 6137E84F21117FA800E7CD29 /* BaseTableView.swift */; };
		6137E85421117FA800E7CD29 /* BaseCollectionView.swift in Sources */ = {isa = PBXBuildFile; fileRef = 6137E85021117FA800E7CD29 /* BaseCollectionView.swift */; };
		6137E857211192FA00E7CD29 /* BaseTabBarController.swift in Sources */ = {isa = PBXBuildFile; fileRef = 6137E856211192FA00E7CD29 /* BaseTabBarController.swift */; };
		6137E859211193B900E7CD29 /* AAPLSlideTransitionAnimator.swift in Sources */ = {isa = PBXBuildFile; fileRef = 6137E858211193B900E7CD29 /* AAPLSlideTransitionAnimator.swift */; };
		6137E85D211197BA00E7CD29 /* UIImage+Addition.swift in Sources */ = {isa = PBXBuildFile; fileRef = 6137E85C211197BA00E7CD29 /* UIImage+Addition.swift */; };
		6137E8682111C23900E7CD29 /* UITableViewCell+Addition.swift in Sources */ = {isa = PBXBuildFile; fileRef = 6137E8622111C23900E7CD29 /* UITableViewCell+Addition.swift */; };
		6137E8692111C23900E7CD29 /* UICollectionReusableView+Addition.swift in Sources */ = {isa = PBXBuildFile; fileRef = 6137E8632111C23900E7CD29 /* UICollectionReusableView+Addition.swift */; };
		6137E86A2111C23900E7CD29 /* UITableView+Addition.swift in Sources */ = {isa = PBXBuildFile; fileRef = 6137E8642111C23900E7CD29 /* UITableView+Addition.swift */; };
		6137E86B2111C23900E7CD29 /* UITableViewHeaderFooterView+Addition.swift in Sources */ = {isa = PBXBuildFile; fileRef = 6137E8652111C23900E7CD29 /* UITableViewHeaderFooterView+Addition.swift */; };
		6137E86C2111C23900E7CD29 /* UICollectionViewCell+Addition.swift in Sources */ = {isa = PBXBuildFile; fileRef = 6137E8662111C23900E7CD29 /* UICollectionViewCell+Addition.swift */; };
		6137E86D2111C23900E7CD29 /* UICollectionView+Addition.swift in Sources */ = {isa = PBXBuildFile; fileRef = 6137E8672111C23900E7CD29 /* UICollectionView+Addition.swift */; };
		61798E06218AA3FE008F919C /* OneSignal+Addition.swift in Sources */ = {isa = PBXBuildFile; fileRef = 61798E05218AA3FE008F919C /* OneSignal+Addition.swift */; };
		61798E09218AB1B1008F919C /* Counter.swift in Sources */ = {isa = PBXBuildFile; fileRef = 61798E08218AB1B1008F919C /* Counter.swift */; };
		619FC94E221115E700440A93 /* String+Addition.swift in Sources */ = {isa = PBXBuildFile; fileRef = 619FC94D221115E700440A93 /* String+Addition.swift */; };
		619FC95022112B5300440A93 /* Decimal+Addition.swift in Sources */ = {isa = PBXBuildFile; fileRef = 619FC94F22112B5200440A93 /* Decimal+Addition.swift */; };
		619FC95222113AD600440A93 /* UIView+Addition.swift in Sources */ = {isa = PBXBuildFile; fileRef = 619FC95122113AD600440A93 /* UIView+Addition.swift */; };
		619FC95422113B8400440A93 /* Array+Addition.swift in Sources */ = {isa = PBXBuildFile; fileRef = 619FC95322113B8400440A93 /* Array+Addition.swift */; };
		619FC95622113BD800440A93 /* UNUserNotificationCenter+Addition.swift in Sources */ = {isa = PBXBuildFile; fileRef = 619FC95522113BD800440A93 /* UNUserNotificationCenter+Addition.swift */; };
		619FC959221141FC00440A93 /* Int+Addition.swift in Sources */ = {isa = PBXBuildFile; fileRef = 619FC958221141FC00440A93 /* Int+Addition.swift */; };
		619FC95B2211427000440A93 /* Dictionary+Addition.swift in Sources */ = {isa = PBXBuildFile; fileRef = 619FC95A2211427000440A93 /* Dictionary+Addition.swift */; };
		619FC95D2211494900440A93 /* CALayer+Addition.swift in Sources */ = {isa = PBXBuildFile; fileRef = 619FC95C2211494900440A93 /* CALayer+Addition.swift */; };
		619FC95F2211497100440A93 /* UIApplication+Addition.swift in Sources */ = {isa = PBXBuildFile; fileRef = 619FC95E2211497100440A93 /* UIApplication+Addition.swift */; };
		619FC9622211572F00440A93 /* MDCache.swift in Sources */ = {isa = PBXBuildFile; fileRef = 619FC9612211572F00440A93 /* MDCache.swift */; };
		619FC96722116C1500440A93 /* MDNetworkTools.swift in Sources */ = {isa = PBXBuildFile; fileRef = 619FC96622116C1500440A93 /* MDNetworkTools.swift */; };
		619FC96A22116F5200440A93 /* MDNetworkStatus.swift in Sources */ = {isa = PBXBuildFile; fileRef = 619FC96922116F5200440A93 /* MDNetworkStatus.swift */; };
		619FC97A2211853300440A93 /* HandySwiftTests.swift in Sources */ = {isa = PBXBuildFile; fileRef = 619FC9792211853300440A93 /* HandySwiftTests.swift */; };
		619FC97B2211859C00440A93 /* MDNetworkStatus.swift in Sources */ = {isa = PBXBuildFile; fileRef = 619FC96922116F5200440A93 /* MDNetworkStatus.swift */; };
		619FC97E2212A04F00440A93 /* MDNetworkMonitor.swift in Sources */ = {isa = PBXBuildFile; fileRef = 619FC97D2212A04F00440A93 /* MDNetworkMonitor.swift */; };
		61A266782140B5CF00BF9551 /* LeakAvoider.swift in Sources */ = {isa = PBXBuildFile; fileRef = 61A266772140B5CF00BF9551 /* LeakAvoider.swift */; };
		61B1F63D2212E2A5006CFC10 /* UIImageView+Addition.swift in Sources */ = {isa = PBXBuildFile; fileRef = 61B1F63C2212E2A5006CFC10 /* UIImageView+Addition.swift */; };
		61F4365621917BFF00BB7AE0 /* UIViewController+Addition.swift in Sources */ = {isa = PBXBuildFile; fileRef = 61F4365521917BFF00BB7AE0 /* UIViewController+Addition.swift */; };
		61FF7613212A5781007C29B0 /* SelectorBean.swift in Sources */ = {isa = PBXBuildFile; fileRef = 61FF7611212A5781007C29B0 /* SelectorBean.swift */; };
		61FF7614212A5781007C29B0 /* SelectorController.swift in Sources */ = {isa = PBXBuildFile; fileRef = 61FF7612212A5781007C29B0 /* SelectorController.swift */; };
		61FF7617212A65F7007C29B0 /* PresentedAnimatedTransitioningDelegate.swift in Sources */ = {isa = PBXBuildFile; fileRef = 61FF7615212A65F6007C29B0 /* PresentedAnimatedTransitioningDelegate.swift */; };
		61FF7618212A65F7007C29B0 /* PresentedAnimatedTransitioning.swift in Sources */ = {isa = PBXBuildFile; fileRef = 61FF7616212A65F7007C29B0 /* PresentedAnimatedTransitioning.swift */; };
		61FF7621212AA962007C29B0 /* DatePickerController.swift in Sources */ = {isa = PBXBuildFile; fileRef = 61FF7620212AA962007C29B0 /* DatePickerController.swift */; };
		61FF7627212ABB6F007C29B0 /* MSActivityViewController.swift in Sources */ = {isa = PBXBuildFile; fileRef = 61FF7626212ABB6F007C29B0 /* MSActivityViewController.swift */; };
		61FF7637212BE12A007C29B0 /* UIWindow+Addition.swift in Sources */ = {isa = PBXBuildFile; fileRef = 61FF7636212BE12A007C29B0 /* UIWindow+Addition.swift */; };
		6E18B6FD38BB6AF2EC58D21D /* Pods_WMProjectTests.framework in Frameworks */ = {isa = PBXBuildFile; fileRef = 57BA8FF29F5F6E3248ECB5C0 /* Pods_WMProjectTests.framework */; };
/* End PBXBuildFile section */

/* Begin PBXContainerItemProxy section */
		619FC974221184FF00440A93 /* PBXContainerItemProxy */ = {
			isa = PBXContainerItemProxy;
			containerPortal = 6137E82E21117A5400E7CD29 /* Project object */;
			proxyType = 1;
			remoteGlobalIDString = 6137E83521117A5400E7CD29;
			remoteInfo = WMProject;
		};
/* End PBXContainerItemProxy section */

/* Begin PBXFileReference section */
		1A6EAF1AF1DCFAE0FDB0E615 /* Pods-WMProjectTests.release.xcconfig */ = {isa = PBXFileReference; includeInIndex = 1; lastKnownFileType = text.xcconfig; name = "Pods-WMProjectTests.release.xcconfig"; path = "Pods/Target Support Files/Pods-WMProjectTests/Pods-WMProjectTests.release.xcconfig"; sourceTree = "<group>"; };
		57BA8FF29F5F6E3248ECB5C0 /* Pods_WMProjectTests.framework */ = {isa = PBXFileReference; explicitFileType = wrapper.framework; includeInIndex = 0; path = Pods_WMProjectTests.framework; sourceTree = BUILT_PRODUCTS_DIR; };
		6137E83621117A5400E7CD29 /* WMProject.app */ = {isa = PBXFileReference; explicitFileType = wrapper.application; includeInIndex = 0; path = WMProject.app; sourceTree = BUILT_PRODUCTS_DIR; };
		6137E83921117A5400E7CD29 /* AppDelegate.swift */ = {isa = PBXFileReference; lastKnownFileType = sourcecode.swift; path = AppDelegate.swift; sourceTree = "<group>"; };
		6137E83B21117A5400E7CD29 /* ViewController.swift */ = {isa = PBXFileReference; lastKnownFileType = sourcecode.swift; path = ViewController.swift; sourceTree = "<group>"; };
		6137E83E21117A5400E7CD29 /* Base */ = {isa = PBXFileReference; lastKnownFileType = file.storyboard; name = Base; path = Base.lproj/Main.storyboard; sourceTree = "<group>"; };
		6137E84021117A5400E7CD29 /* Assets.xcassets */ = {isa = PBXFileReference; lastKnownFileType = folder.assetcatalog; path = Assets.xcassets; sourceTree = "<group>"; };
		6137E84321117A5400E7CD29 /* Base */ = {isa = PBXFileReference; lastKnownFileType = file.storyboard; name = Base; path = Base.lproj/LaunchScreen.storyboard; sourceTree = "<group>"; };
		6137E84521117A5400E7CD29 /* Info.plist */ = {isa = PBXFileReference; lastKnownFileType = text.plist.xml; path = Info.plist; sourceTree = "<group>"; };
		6137E84E21117FA800E7CD29 /* BaseController.swift */ = {isa = PBXFileReference; fileEncoding = 4; lastKnownFileType = sourcecode.swift; path = BaseController.swift; sourceTree = "<group>"; };
		6137E84F21117FA800E7CD29 /* BaseTableView.swift */ = {isa = PBXFileReference; fileEncoding = 4; lastKnownFileType = sourcecode.swift; path = BaseTableView.swift; sourceTree = "<group>"; };
		6137E85021117FA800E7CD29 /* BaseCollectionView.swift */ = {isa = PBXFileReference; fileEncoding = 4; lastKnownFileType = sourcecode.swift; path = BaseCollectionView.swift; sourceTree = "<group>"; };
		6137E856211192FA00E7CD29 /* BaseTabBarController.swift */ = {isa = PBXFileReference; fileEncoding = 4; lastKnownFileType = sourcecode.swift; path = BaseTabBarController.swift; sourceTree = "<group>"; };
		6137E858211193B900E7CD29 /* AAPLSlideTransitionAnimator.swift */ = {isa = PBXFileReference; fileEncoding = 4; lastKnownFileType = sourcecode.swift; path = AAPLSlideTransitionAnimator.swift; sourceTree = "<group>"; };
		6137E85C211197BA00E7CD29 /* UIImage+Addition.swift */ = {isa = PBXFileReference; fileEncoding = 4; lastKnownFileType = sourcecode.swift; path = "UIImage+Addition.swift"; sourceTree = "<group>"; };
		6137E8622111C23900E7CD29 /* UITableViewCell+Addition.swift */ = {isa = PBXFileReference; fileEncoding = 4; lastKnownFileType = sourcecode.swift; path = "UITableViewCell+Addition.swift"; sourceTree = "<group>"; };
		6137E8632111C23900E7CD29 /* UICollectionReusableView+Addition.swift */ = {isa = PBXFileReference; fileEncoding = 4; lastKnownFileType = sourcecode.swift; path = "UICollectionReusableView+Addition.swift"; sourceTree = "<group>"; };
		6137E8642111C23900E7CD29 /* UITableView+Addition.swift */ = {isa = PBXFileReference; fileEncoding = 4; lastKnownFileType = sourcecode.swift; path = "UITableView+Addition.swift"; sourceTree = "<group>"; };
		6137E8652111C23900E7CD29 /* UITableViewHeaderFooterView+Addition.swift */ = {isa = PBXFileReference; fileEncoding = 4; lastKnownFileType = sourcecode.swift; path = "UITableViewHeaderFooterView+Addition.swift"; sourceTree = "<group>"; };
		6137E8662111C23900E7CD29 /* UICollectionViewCell+Addition.swift */ = {isa = PBXFileReference; fileEncoding = 4; lastKnownFileType = sourcecode.swift; path = "UICollectionViewCell+Addition.swift"; sourceTree = "<group>"; };
		6137E8672111C23900E7CD29 /* UICollectionView+Addition.swift */ = {isa = PBXFileReference; fileEncoding = 4; lastKnownFileType = sourcecode.swift; path = "UICollectionView+Addition.swift"; sourceTree = "<group>"; };
		61798E05218AA3FE008F919C /* OneSignal+Addition.swift */ = {isa = PBXFileReference; lastKnownFileType = sourcecode.swift; path = "OneSignal+Addition.swift"; sourceTree = "<group>"; };
		61798E08218AB1B1008F919C /* Counter.swift */ = {isa = PBXFileReference; lastKnownFileType = sourcecode.swift; path = Counter.swift; sourceTree = "<group>"; };
		619FC94D221115E700440A93 /* String+Addition.swift */ = {isa = PBXFileReference; lastKnownFileType = sourcecode.swift; path = "String+Addition.swift"; sourceTree = "<group>"; };
		619FC94F22112B5200440A93 /* Decimal+Addition.swift */ = {isa = PBXFileReference; lastKnownFileType = sourcecode.swift; path = "Decimal+Addition.swift"; sourceTree = "<group>"; };
		619FC95122113AD600440A93 /* UIView+Addition.swift */ = {isa = PBXFileReference; lastKnownFileType = sourcecode.swift; path = "UIView+Addition.swift"; sourceTree = "<group>"; };
		619FC95322113B8400440A93 /* Array+Addition.swift */ = {isa = PBXFileReference; lastKnownFileType = sourcecode.swift; path = "Array+Addition.swift"; sourceTree = "<group>"; };
		619FC95522113BD800440A93 /* UNUserNotificationCenter+Addition.swift */ = {isa = PBXFileReference; lastKnownFileType = sourcecode.swift; path = "UNUserNotificationCenter+Addition.swift"; sourceTree = "<group>"; };
		619FC958221141FC00440A93 /* Int+Addition.swift */ = {isa = PBXFileReference; lastKnownFileType = sourcecode.swift; path = "Int+Addition.swift"; sourceTree = "<group>"; };
		619FC95A2211427000440A93 /* Dictionary+Addition.swift */ = {isa = PBXFileReference; lastKnownFileType = sourcecode.swift; path = "Dictionary+Addition.swift"; sourceTree = "<group>"; };
		619FC95C2211494900440A93 /* CALayer+Addition.swift */ = {isa = PBXFileReference; lastKnownFileType = sourcecode.swift; path = "CALayer+Addition.swift"; sourceTree = "<group>"; };
		619FC95E2211497100440A93 /* UIApplication+Addition.swift */ = {isa = PBXFileReference; lastKnownFileType = sourcecode.swift; path = "UIApplication+Addition.swift"; sourceTree = "<group>"; };
		619FC9612211572F00440A93 /* MDCache.swift */ = {isa = PBXFileReference; lastKnownFileType = sourcecode.swift; path = MDCache.swift; sourceTree = "<group>"; };
		619FC96622116C1500440A93 /* MDNetworkTools.swift */ = {isa = PBXFileReference; lastKnownFileType = sourcecode.swift; path = MDNetworkTools.swift; sourceTree = "<group>"; };
		619FC96922116F5200440A93 /* MDNetworkStatus.swift */ = {isa = PBXFileReference; lastKnownFileType = sourcecode.swift; path = MDNetworkStatus.swift; sourceTree = "<group>"; };
		619FC96F221184FF00440A93 /* WMProjectTests.xctest */ = {isa = PBXFileReference; explicitFileType = wrapper.cfbundle; includeInIndex = 0; path = WMProjectTests.xctest; sourceTree = BUILT_PRODUCTS_DIR; };
		619FC973221184FF00440A93 /* Info.plist */ = {isa = PBXFileReference; lastKnownFileType = text.plist.xml; path = Info.plist; sourceTree = "<group>"; };
		619FC9792211853300440A93 /* HandySwiftTests.swift */ = {isa = PBXFileReference; lastKnownFileType = sourcecode.swift; path = HandySwiftTests.swift; sourceTree = "<group>"; };
		619FC97D2212A04F00440A93 /* MDNetworkMonitor.swift */ = {isa = PBXFileReference; lastKnownFileType = sourcecode.swift; path = MDNetworkMonitor.swift; sourceTree = "<group>"; };
		61A266772140B5CF00BF9551 /* LeakAvoider.swift */ = {isa = PBXFileReference; lastKnownFileType = sourcecode.swift; path = LeakAvoider.swift; sourceTree = "<group>"; };
		61B1F63C2212E2A5006CFC10 /* UIImageView+Addition.swift */ = {isa = PBXFileReference; lastKnownFileType = sourcecode.swift; path = "UIImageView+Addition.swift"; sourceTree = "<group>"; };
		61F4365521917BFF00BB7AE0 /* UIViewController+Addition.swift */ = {isa = PBXFileReference; lastKnownFileType = sourcecode.swift; path = "UIViewController+Addition.swift"; sourceTree = "<group>"; };
		61FF7611212A5781007C29B0 /* SelectorBean.swift */ = {isa = PBXFileReference; fileEncoding = 4; lastKnownFileType = sourcecode.swift; path = SelectorBean.swift; sourceTree = "<group>"; };
		61FF7612212A5781007C29B0 /* SelectorController.swift */ = {isa = PBXFileReference; fileEncoding = 4; lastKnownFileType = sourcecode.swift; path = SelectorController.swift; sourceTree = "<group>"; };
		61FF7615212A65F6007C29B0 /* PresentedAnimatedTransitioningDelegate.swift */ = {isa = PBXFileReference; fileEncoding = 4; lastKnownFileType = sourcecode.swift; path = PresentedAnimatedTransitioningDelegate.swift; sourceTree = "<group>"; };
		61FF7616212A65F7007C29B0 /* PresentedAnimatedTransitioning.swift */ = {isa = PBXFileReference; fileEncoding = 4; lastKnownFileType = sourcecode.swift; path = PresentedAnimatedTransitioning.swift; sourceTree = "<group>"; };
		61FF7620212AA962007C29B0 /* DatePickerController.swift */ = {isa = PBXFileReference; fileEncoding = 4; lastKnownFileType = sourcecode.swift; path = DatePickerController.swift; sourceTree = "<group>"; };
		61FF7626212ABB6F007C29B0 /* MSActivityViewController.swift */ = {isa = PBXFileReference; fileEncoding = 4; lastKnownFileType = sourcecode.swift; path = MSActivityViewController.swift; sourceTree = "<group>"; };
		61FF7636212BE12A007C29B0 /* UIWindow+Addition.swift */ = {isa = PBXFileReference; fileEncoding = 4; lastKnownFileType = sourcecode.swift; path = "UIWindow+Addition.swift"; sourceTree = "<group>"; };
		65A9A5026FFD16AA6A8F85EA /* Pods-WMProject.debug.xcconfig */ = {isa = PBXFileReference; includeInIndex = 1; lastKnownFileType = text.xcconfig; name = "Pods-WMProject.debug.xcconfig"; path = "Pods/Target Support Files/Pods-WMProject/Pods-WMProject.debug.xcconfig"; sourceTree = "<group>"; };
		AF50BF1A43CF6AAF6A075C11 /* Pods-WMProject.release.xcconfig */ = {isa = PBXFileReference; includeInIndex = 1; lastKnownFileType = text.xcconfig; name = "Pods-WMProject.release.xcconfig"; path = "Pods/Target Support Files/Pods-WMProject/Pods-WMProject.release.xcconfig"; sourceTree = "<group>"; };
		BB54AD7095ED0612A2E696F3 /* Pods_WMProject.framework */ = {isa = PBXFileReference; explicitFileType = wrapper.framework; includeInIndex = 0; path = Pods_WMProject.framework; sourceTree = BUILT_PRODUCTS_DIR; };
		C5CC20C7E2B0CBA0B2063F73 /* Pods-WMProjectTests.debug.xcconfig */ = {isa = PBXFileReference; includeInIndex = 1; lastKnownFileType = text.xcconfig; name = "Pods-WMProjectTests.debug.xcconfig"; path = "Pods/Target Support Files/Pods-WMProjectTests/Pods-WMProjectTests.debug.xcconfig"; sourceTree = "<group>"; };
/* End PBXFileReference section */

/* Begin PBXFrameworksBuildPhase section */
		6137E83321117A5400E7CD29 /* Frameworks */ = {
			isa = PBXFrameworksBuildPhase;
			buildActionMask = 2147483647;
			files = (
				405A8D292A924230094B874F /* Pods_WMProject.framework in Frameworks */,
			);
			runOnlyForDeploymentPostprocessing = 0;
		};
		619FC96C221184FF00440A93 /* Frameworks */ = {
			isa = PBXFrameworksBuildPhase;
			buildActionMask = 2147483647;
			files = (
				6E18B6FD38BB6AF2EC58D21D /* Pods_WMProjectTests.framework in Frameworks */,
			);
			runOnlyForDeploymentPostprocessing = 0;
		};
/* End PBXFrameworksBuildPhase section */

/* Begin PBXGroup section */
		3742EE680355ED653232EBAB /* Frameworks */ = {
			isa = PBXGroup;
			children = (
				BB54AD7095ED0612A2E696F3 /* Pods_WMProject.framework */,
				57BA8FF29F5F6E3248ECB5C0 /* Pods_WMProjectTests.framework */,
			);
			name = Frameworks;
			sourceTree = "<group>";
		};
		6137E82D21117A5400E7CD29 = {
			isa = PBXGroup;
			children = (
				6137E84B21117F8700E7CD29 /* Classes */,
				6137E83821117A5400E7CD29 /* WMProject */,
				619FC970221184FF00440A93 /* WMProjectTests */,
				6137E83721117A5400E7CD29 /* Products */,
				A1587B03D91C324500BE7849 /* Pods */,
				3742EE680355ED653232EBAB /* Frameworks */,
			);
			sourceTree = "<group>";
		};
		6137E83721117A5400E7CD29 /* Products */ = {
			isa = PBXGroup;
			children = (
				6137E83621117A5400E7CD29 /* WMProject.app */,
				619FC96F221184FF00440A93 /* WMProjectTests.xctest */,
			);
			name = Products;
			sourceTree = "<group>";
		};
		6137E83821117A5400E7CD29 /* WMProject */ = {
			isa = PBXGroup;
			children = (
				6137E83921117A5400E7CD29 /* AppDelegate.swift */,
				6137E83B21117A5400E7CD29 /* ViewController.swift */,
				6137E83D21117A5400E7CD29 /* Main.storyboard */,
				6137E84021117A5400E7CD29 /* Assets.xcassets */,
				6137E84221117A5400E7CD29 /* LaunchScreen.storyboard */,
				6137E84521117A5400E7CD29 /* Info.plist */,
			);
			path = WMProject;
			sourceTree = "<group>";
		};
		6137E84B21117F8700E7CD29 /* Classes */ = {
			isa = PBXGroup;
			children = (
				61A266762140B5BD00BF9551 /* Utils */,
				61FF760F212A5775007C29B0 /* Components */,
				6137E85B211197AF00E7CD29 /* Addition */,
				6137E85A211197A600E7CD29 /* Animator */,
				6137E84C21117F8E00E7CD29 /* Core */,
			);
			path = Classes;
			sourceTree = "<group>";
		};
		6137E84C21117F8E00E7CD29 /* Core */ = {
			isa = PBXGroup;
			children = (
				619FC96522116BFE00440A93 /* Network */,
				619FC96422116BF200440A93 /* UIKit */,
			);
			path = Core;
			sourceTree = "<group>";
		};
		6137E85A211197A600E7CD29 /* Animator */ = {
			isa = PBXGroup;
			children = (
				61FF7616212A65F7007C29B0 /* PresentedAnimatedTransitioning.swift */,
				61FF7615212A65F6007C29B0 /* PresentedAnimatedTransitioningDelegate.swift */,
				6137E858211193B900E7CD29 /* AAPLSlideTransitionAnimator.swift */,
			);
			path = Animator;
			sourceTree = "<group>";
		};
		6137E85B211197AF00E7CD29 /* Addition */ = {
			isa = PBXGroup;
			children = (
				619FC95722113C1D00440A93 /* Others */,
				619FC94C221115D200440A93 /* UIKit */,
				619FC94A221115BB00440A93 /* Foundation */,
			);
			path = Addition;
			sourceTree = "<group>";
		};
		61798E04218AA3C9008F919C /* OneSignal */ = {
			isa = PBXGroup;
			children = (
				61798E05218AA3FE008F919C /* OneSignal+Addition.swift */,
			);
			path = OneSignal;
			sourceTree = "<group>";
		};
		61798E07218AB19E008F919C /* Counter */ = {
			isa = PBXGroup;
			children = (
				61798E08218AB1B1008F919C /* Counter.swift */,
			);
			path = Counter;
			sourceTree = "<group>";
		};
		619FC94A221115BB00440A93 /* Foundation */ = {
			isa = PBXGroup;
			children = (
				619FC94D221115E700440A93 /* String+Addition.swift */,
				619FC94F22112B5200440A93 /* Decimal+Addition.swift */,
				619FC95322113B8400440A93 /* Array+Addition.swift */,
				619FC958221141FC00440A93 /* Int+Addition.swift */,
				619FC95A2211427000440A93 /* Dictionary+Addition.swift */,
			);
			path = Foundation;
			sourceTree = "<group>";
		};
		619FC94C221115D200440A93 /* UIKit */ = {
			isa = PBXGroup;
			children = (
				61B1F63C2212E2A5006CFC10 /* UIImageView+Addition.swift */,
				61FF7636212BE12A007C29B0 /* UIWindow+Addition.swift */,
				6137E8632111C23900E7CD29 /* UICollectionReusableView+Addition.swift */,
				6137E8672111C23900E7CD29 /* UICollectionView+Addition.swift */,
				6137E8662111C23900E7CD29 /* UICollectionViewCell+Addition.swift */,
				6137E8642111C23900E7CD29 /* UITableView+Addition.swift */,
				6137E8622111C23900E7CD29 /* UITableViewCell+Addition.swift */,
				6137E8652111C23900E7CD29 /* UITableViewHeaderFooterView+Addition.swift */,
				6137E85C211197BA00E7CD29 /* UIImage+Addition.swift */,
				61F4365521917BFF00BB7AE0 /* UIViewController+Addition.swift */,
				619FC95122113AD600440A93 /* UIView+Addition.swift */,
				619FC95C2211494900440A93 /* CALayer+Addition.swift */,
				619FC95E2211497100440A93 /* UIApplication+Addition.swift */,
			);
			path = UIKit;
			sourceTree = "<group>";
		};
		619FC95722113C1D00440A93 /* Others */ = {
			isa = PBXGroup;
			children = (
				619FC95522113BD800440A93 /* UNUserNotificationCenter+Addition.swift */,
				619FC9612211572F00440A93 /* MDCache.swift */,
			);
			path = Others;
			sourceTree = "<group>";
		};
		619FC96422116BF200440A93 /* UIKit */ = {
			isa = PBXGroup;
			children = (
				6137E856211192FA00E7CD29 /* BaseTabBarController.swift */,
				6137E85021117FA800E7CD29 /* BaseCollectionView.swift */,
				6137E84E21117FA800E7CD29 /* BaseController.swift */,
				6137E84F21117FA800E7CD29 /* BaseTableView.swift */,
			);
			path = UIKit;
			sourceTree = "<group>";
		};
		619FC96522116BFE00440A93 /* Network */ = {
			isa = PBXGroup;
			children = (
				619FC96922116F5200440A93 /* MDNetworkStatus.swift */,
				619FC96622116C1500440A93 /* MDNetworkTools.swift */,
				619FC97D2212A04F00440A93 /* MDNetworkMonitor.swift */,
			);
			path = Network;
			sourceTree = "<group>";
		};
		619FC970221184FF00440A93 /* WMProjectTests */ = {
			isa = PBXGroup;
			children = (
				619FC973221184FF00440A93 /* Info.plist */,
				619FC9792211853300440A93 /* HandySwiftTests.swift */,
			);
			path = WMProjectTests;
			sourceTree = "<group>";
		};
		61A266762140B5BD00BF9551 /* Utils */ = {
			isa = PBXGroup;
			children = (
				61A266772140B5CF00BF9551 /* LeakAvoider.swift */,
			);
			path = Utils;
			sourceTree = "<group>";
		};
		61FF760F212A5775007C29B0 /* Components */ = {
			isa = PBXGroup;
			children = (
				61798E07218AB19E008F919C /* Counter */,
				61798E04218AA3C9008F919C /* OneSignal */,
				61FF7625212ABB6F007C29B0 /* Share */,
				61FF761F212AA955007C29B0 /* DatePicker */,
				61FF7610212A5781007C29B0 /* Selection */,
			);
			path = Components;
			sourceTree = "<group>";
		};
		61FF7610212A5781007C29B0 /* Selection */ = {
			isa = PBXGroup;
			children = (
				61FF7611212A5781007C29B0 /* SelectorBean.swift */,
				61FF7612212A5781007C29B0 /* SelectorController.swift */,
			);
			path = Selection;
			sourceTree = "<group>";
		};
		61FF761F212AA955007C29B0 /* DatePicker */ = {
			isa = PBXGroup;
			children = (
				61FF7620212AA962007C29B0 /* DatePickerController.swift */,
			);
			path = DatePicker;
			sourceTree = "<group>";
		};
		61FF7625212ABB6F007C29B0 /* Share */ = {
			isa = PBXGroup;
			children = (
				61FF7626212ABB6F007C29B0 /* MSActivityViewController.swift */,
			);
			path = Share;
			sourceTree = "<group>";
		};
		A1587B03D91C324500BE7849 /* Pods */ = {
			isa = PBXGroup;
			children = (
				65A9A5026FFD16AA6A8F85EA /* Pods-WMProject.debug.xcconfig */,
				AF50BF1A43CF6AAF6A075C11 /* Pods-WMProject.release.xcconfig */,
				C5CC20C7E2B0CBA0B2063F73 /* Pods-WMProjectTests.debug.xcconfig */,
				1A6EAF1AF1DCFAE0FDB0E615 /* Pods-WMProjectTests.release.xcconfig */,
			);
			name = Pods;
			sourceTree = "<group>";
		};
/* End PBXGroup section */

/* Begin PBXNativeTarget section */
		6137E83521117A5400E7CD29 /* WMProject */ = {
			isa = PBXNativeTarget;
			buildConfigurationList = 6137E84821117A5400E7CD29 /* Build configuration list for PBXNativeTarget "WMProject" */;
			buildPhases = (
				8F888F45CDCB00471CB31786 /* [CP] Check Pods Manifest.lock */,
				6137E83221117A5400E7CD29 /* Sources */,
				6137E83321117A5400E7CD29 /* Frameworks */,
				6137E83421117A5400E7CD29 /* Resources */,
				A77600E9244DBE63B19E2145 /* [CP] Embed Pods Frameworks */,
			);
			buildRules = (
			);
			dependencies = (
			);
			name = WMProject;
			productName = WMProject;
			productReference = 6137E83621117A5400E7CD29 /* WMProject.app */;
			productType = "com.apple.product-type.application";
		};
		619FC96E221184FF00440A93 /* WMProjectTests */ = {
			isa = PBXNativeTarget;
			buildConfigurationList = 619FC976221184FF00440A93 /* Build configuration list for PBXNativeTarget "WMProjectTests" */;
			buildPhases = (
				5F0710EDA44DB9A8B0698A7A /* [CP] Check Pods Manifest.lock */,
				619FC96B221184FF00440A93 /* Sources */,
				619FC96C221184FF00440A93 /* Frameworks */,
				619FC96D221184FF00440A93 /* Resources */,
				0AF4171135D8A792D86E9D10 /* [CP] Embed Pods Frameworks */,
			);
			buildRules = (
			);
			dependencies = (
				619FC975221184FF00440A93 /* PBXTargetDependency */,
			);
			name = WMProjectTests;
			productName = WMProjectTests;
			productReference = 619FC96F221184FF00440A93 /* WMProjectTests.xctest */;
			productType = "com.apple.product-type.bundle.unit-test";
		};
/* End PBXNativeTarget section */

/* Begin PBXProject section */
		6137E82E21117A5400E7CD29 /* Project object */ = {
			isa = PBXProject;
			attributes = {
				LastSwiftUpdateCheck = 1010;
				LastUpgradeCheck = 0940;
				ORGANIZATIONNAME = "Yedao Inc";
				TargetAttributes = {
					6137E83521117A5400E7CD29 = {
						CreatedOnToolsVersion = 9.4.1;
						SystemCapabilities = {
							com.apple.BackgroundModes = {
								enabled = 1;
							};
						};
					};
					619FC96E221184FF00440A93 = {
						CreatedOnToolsVersion = 10.1;
						TestTargetID = 6137E83521117A5400E7CD29;
					};
				};
			};
			buildConfigurationList = 6137E83121117A5400E7CD29 /* Build configuration list for PBXProject "WMProject" */;
			compatibilityVersion = "Xcode 9.3";
			developmentRegion = en;
			hasScannedForEncodings = 0;
			knownRegions = (
				en,
				Base,
			);
			mainGroup = 6137E82D21117A5400E7CD29;
			productRefGroup = 6137E83721117A5400E7CD29 /* Products */;
			projectDirPath = "";
			projectRoot = "";
			targets = (
				6137E83521117A5400E7CD29 /* WMProject */,
				619FC96E221184FF00440A93 /* WMProjectTests */,
			);
		};
/* End PBXProject section */

/* Begin PBXResourcesBuildPhase section */
		6137E83421117A5400E7CD29 /* Resources */ = {
			isa = PBXResourcesBuildPhase;
			buildActionMask = 2147483647;
			files = (
				6137E84421117A5400E7CD29 /* LaunchScreen.storyboard in Resources */,
				6137E84121117A5400E7CD29 /* Assets.xcassets in Resources */,
				6137E83F21117A5400E7CD29 /* Main.storyboard in Resources */,
			);
			runOnlyForDeploymentPostprocessing = 0;
		};
		619FC96D221184FF00440A93 /* Resources */ = {
			isa = PBXResourcesBuildPhase;
			buildActionMask = 2147483647;
			files = (
			);
			runOnlyForDeploymentPostprocessing = 0;
		};
/* End PBXResourcesBuildPhase section */

/* Begin PBXShellScriptBuildPhase section */
		0AF4171135D8A792D86E9D10 /* [CP] Embed Pods Frameworks */ = {
			isa = PBXShellScriptBuildPhase;
			buildActionMask = 2147483647;
			files = (
			);
			inputFileListPaths = (
			);
			inputPaths = (
				"${PODS_ROOT}/Target Support Files/Pods-WMProjectTests/Pods-WMProjectTests-frameworks.sh",
				"${BUILT_PRODUCTS_DIR}/HandyJSON/HandyJSON.framework",
			);
			name = "[CP] Embed Pods Frameworks";
			outputFileListPaths = (
			);
			outputPaths = (
				"${TARGET_BUILD_DIR}/${FRAMEWORKS_FOLDER_PATH}/HandyJSON.framework",
			);
			runOnlyForDeploymentPostprocessing = 0;
			shellPath = /bin/sh;
			shellScript = "\"${PODS_ROOT}/Target Support Files/Pods-WMProjectTests/Pods-WMProjectTests-frameworks.sh\"\n";
			showEnvVarsInLog = 0;
		};
		5F0710EDA44DB9A8B0698A7A /* [CP] Check Pods Manifest.lock */ = {
			isa = PBXShellScriptBuildPhase;
			buildActionMask = 2147483647;
			files = (
			);
			inputFileListPaths = (
			);
			inputPaths = (
				"${PODS_PODFILE_DIR_PATH}/Podfile.lock",
				"${PODS_ROOT}/Manifest.lock",
			);
			name = "[CP] Check Pods Manifest.lock";
			outputFileListPaths = (
			);
			outputPaths = (
				"$(DERIVED_FILE_DIR)/Pods-WMProjectTests-checkManifestLockResult.txt",
			);
			runOnlyForDeploymentPostprocessing = 0;
			shellPath = /bin/sh;
			shellScript = "diff \"${PODS_PODFILE_DIR_PATH}/Podfile.lock\" \"${PODS_ROOT}/Manifest.lock\" > /dev/null\nif [ $? != 0 ] ; then\n    # print error to STDERR\n    echo \"error: The sandbox is not in sync with the Podfile.lock. Run 'pod install' or update your CocoaPods installation.\" >&2\n    exit 1\nfi\n# This output is used by Xcode 'outputs' to avoid re-running this script phase.\necho \"SUCCESS\" > \"${SCRIPT_OUTPUT_FILE_0}\"\n";
			showEnvVarsInLog = 0;
		};
		8F888F45CDCB00471CB31786 /* [CP] Check Pods Manifest.lock */ = {
			isa = PBXShellScriptBuildPhase;
			buildActionMask = 2147483647;
			files = (
			);
			inputPaths = (
				"${PODS_PODFILE_DIR_PATH}/Podfile.lock",
				"${PODS_ROOT}/Manifest.lock",
			);
			name = "[CP] Check Pods Manifest.lock";
			outputPaths = (
				"$(DERIVED_FILE_DIR)/Pods-WMProject-checkManifestLockResult.txt",
			);
			runOnlyForDeploymentPostprocessing = 0;
			shellPath = /bin/sh;
			shellScript = "diff \"${PODS_PODFILE_DIR_PATH}/Podfile.lock\" \"${PODS_ROOT}/Manifest.lock\" > /dev/null\nif [ $? != 0 ] ; then\n    # print error to STDERR\n    echo \"error: The sandbox is not in sync with the Podfile.lock. Run 'pod install' or update your CocoaPods installation.\" >&2\n    exit 1\nfi\n# This output is used by Xcode 'outputs' to avoid re-running this script phase.\necho \"SUCCESS\" > \"${SCRIPT_OUTPUT_FILE_0}\"\n";
			showEnvVarsInLog = 0;
		};
		A77600E9244DBE63B19E2145 /* [CP] Embed Pods Frameworks */ = {
			isa = PBXShellScriptBuildPhase;
			buildActionMask = 2147483647;
			files = (
			);
			inputPaths = (
				"${PODS_ROOT}/Target Support Files/Pods-WMProject/Pods-WMProject-frameworks.sh",
				"${BUILT_PRODUCTS_DIR}/Alamofire/Alamofire.framework",
				"${BUILT_PRODUCTS_DIR}/Bolts/Bolts.framework",
				"${BUILT_PRODUCTS_DIR}/FBSDKCoreKit/FBSDKCoreKit.framework",
				"${BUILT_PRODUCTS_DIR}/FBSDKShareKit/FBSDKShareKit.framework",
				"${BUILT_PRODUCTS_DIR}/FLAnimatedImage/FLAnimatedImage.framework",
				"${BUILT_PRODUCTS_DIR}/FacebookCore/FacebookCore.framework",
				"${BUILT_PRODUCTS_DIR}/FacebookShare/FacebookShare.framework",
				"${BUILT_PRODUCTS_DIR}/HandyJSON/HandyJSON.framework",
				"${BUILT_PRODUCTS_DIR}/SDWebImage/SDWebImage.framework",
				"${BUILT_PRODUCTS_DIR}/SnapKit/SnapKit.framework",
			);
			name = "[CP] Embed Pods Frameworks";
			outputPaths = (
				"${TARGET_BUILD_DIR}/${FRAMEWORKS_FOLDER_PATH}/Alamofire.framework",
				"${TARGET_BUILD_DIR}/${FRAMEWORKS_FOLDER_PATH}/Bolts.framework",
				"${TARGET_BUILD_DIR}/${FRAMEWORKS_FOLDER_PATH}/FBSDKCoreKit.framework",
				"${TARGET_BUILD_DIR}/${FRAMEWORKS_FOLDER_PATH}/FBSDKShareKit.framework",
				"${TARGET_BUILD_DIR}/${FRAMEWORKS_FOLDER_PATH}/FLAnimatedImage.framework",
				"${TARGET_BUILD_DIR}/${FRAMEWORKS_FOLDER_PATH}/FacebookCore.framework",
				"${TARGET_BUILD_DIR}/${FRAMEWORKS_FOLDER_PATH}/FacebookShare.framework",
				"${TARGET_BUILD_DIR}/${FRAMEWORKS_FOLDER_PATH}/HandyJSON.framework",
				"${TARGET_BUILD_DIR}/${FRAMEWORKS_FOLDER_PATH}/SDWebImage.framework",
				"${TARGET_BUILD_DIR}/${FRAMEWORKS_FOLDER_PATH}/SnapKit.framework",
			);
			runOnlyForDeploymentPostprocessing = 0;
			shellPath = /bin/sh;
			shellScript = "\"${PODS_ROOT}/Target Support Files/Pods-WMProject/Pods-WMProject-frameworks.sh\"\n";
			showEnvVarsInLog = 0;
		};
/* End PBXShellScriptBuildPhase section */

/* Begin PBXSourcesBuildPhase section */
		6137E83221117A5400E7CD29 /* Sources */ = {
			isa = PBXSourcesBuildPhase;
			buildActionMask = 2147483647;
			files = (
				61798E06218AA3FE008F919C /* OneSignal+Addition.swift in Sources */,
				619FC95B2211427000440A93 /* Dictionary+Addition.swift in Sources */,
				6137E86D2111C23900E7CD29 /* UICollectionView+Addition.swift in Sources */,
				61FF7627212ABB6F007C29B0 /* MSActivityViewController.swift in Sources */,
				6137E83C21117A5400E7CD29 /* ViewController.swift in Sources */,
				6137E85D211197BA00E7CD29 /* UIImage+Addition.swift in Sources */,
				6137E86C2111C23900E7CD29 /* UICollectionViewCell+Addition.swift in Sources */,
				619FC959221141FC00440A93 /* Int+Addition.swift in Sources */,
				6137E83A21117A5400E7CD29 /* AppDelegate.swift in Sources */,
				619FC95422113B8400440A93 /* Array+Addition.swift in Sources */,
				619FC97E2212A04F00440A93 /* MDNetworkMonitor.swift in Sources */,
				619FC95022112B5300440A93 /* Decimal+Addition.swift in Sources */,
				6137E8692111C23900E7CD29 /* UICollectionReusableView+Addition.swift in Sources */,
				61798E09218AB1B1008F919C /* Counter.swift in Sources */,
				619FC9622211572F00440A93 /* MDCache.swift in Sources */,
				619FC95D2211494900440A93 /* CALayer+Addition.swift in Sources */,
				619FC95622113BD800440A93 /* UNUserNotificationCenter+Addition.swift in Sources */,
				6137E86A2111C23900E7CD29 /* UITableView+Addition.swift in Sources */,
				619FC94E221115E700440A93 /* String+Addition.swift in Sources */,
				619FC95222113AD600440A93 /* UIView+Addition.swift in Sources */,
				6137E857211192FA00E7CD29 /* BaseTabBarController.swift in Sources */,
				61FF7617212A65F7007C29B0 /* PresentedAnimatedTransitioningDelegate.swift in Sources */,
				61FF7637212BE12A007C29B0 /* UIWindow+Addition.swift in Sources */,
				61FF7614212A5781007C29B0 /* SelectorController.swift in Sources */,
				6137E8682111C23900E7CD29 /* UITableViewCell+Addition.swift in Sources */,
				61FF7618212A65F7007C29B0 /* PresentedAnimatedTransitioning.swift in Sources */,
				619FC96A22116F5200440A93 /* MDNetworkStatus.swift in Sources */,
				6137E85221117FA800E7CD29 /* BaseController.swift in Sources */,
				619FC96722116C1500440A93 /* MDNetworkTools.swift in Sources */,
				61F4365621917BFF00BB7AE0 /* UIViewController+Addition.swift in Sources */,
				6137E86B2111C23900E7CD29 /* UITableViewHeaderFooterView+Addition.swift in Sources */,
				6137E85321117FA800E7CD29 /* BaseTableView.swift in Sources */,
				6137E85421117FA800E7CD29 /* BaseCollectionView.swift in Sources */,
				61FF7621212AA962007C29B0 /* DatePickerController.swift in Sources */,
				6137E859211193B900E7CD29 /* AAPLSlideTransitionAnimator.swift in Sources */,
				61FF7613212A5781007C29B0 /* SelectorBean.swift in Sources */,
				61B1F63D2212E2A5006CFC10 /* UIImageView+Addition.swift in Sources */,
				619FC95F2211497100440A93 /* UIApplication+Addition.swift in Sources */,
				61A266782140B5CF00BF9551 /* LeakAvoider.swift in Sources */,
			);
			runOnlyForDeploymentPostprocessing = 0;
		};
		619FC96B221184FF00440A93 /* Sources */ = {
			isa = PBXSourcesBuildPhase;
			buildActionMask = 2147483647;
			files = (
				619FC97A2211853300440A93 /* HandySwiftTests.swift in Sources */,
				619FC97B2211859C00440A93 /* MDNetworkStatus.swift in Sources */,
			);
			runOnlyForDeploymentPostprocessing = 0;
		};
/* End PBXSourcesBuildPhase section */

/* Begin PBXTargetDependency section */
		619FC975221184FF00440A93 /* PBXTargetDependency */ = {
			isa = PBXTargetDependency;
			target = 6137E83521117A5400E7CD29 /* WMProject */;
			targetProxy = 619FC974221184FF00440A93 /* PBXContainerItemProxy */;
		};
/* End PBXTargetDependency section */

/* Begin PBXVariantGroup section */
		6137E83D21117A5400E7CD29 /* Main.storyboard */ = {
			isa = PBXVariantGroup;
			children = (
				6137E83E21117A5400E7CD29 /* Base */,
			);
			name = Main.storyboard;
			sourceTree = "<group>";
		};
		6137E84221117A5400E7CD29 /* LaunchScreen.storyboard */ = {
			isa = PBXVariantGroup;
			children = (
				6137E84321117A5400E7CD29 /* Base */,
			);
			name = LaunchScreen.storyboard;
			sourceTree = "<group>";
		};
/* End PBXVariantGroup section */

/* Begin XCBuildConfiguration section */
		6137E84621117A5400E7CD29 /* Debug */ = {
			isa = XCBuildConfiguration;
			buildSettings = {
				ALWAYS_SEARCH_USER_PATHS = NO;
				CLANG_ANALYZER_NONNULL = YES;
				CLANG_ANALYZER_NUMBER_OBJECT_CONVERSION = YES_AGGRESSIVE;
				CLANG_CXX_LANGUAGE_STANDARD = "gnu++14";
				CLANG_CXX_LIBRARY = "libc++";
				CLANG_ENABLE_MODULES = YES;
				CLANG_ENABLE_OBJC_ARC = YES;
				CLANG_ENABLE_OBJC_WEAK = YES;
				CLANG_WARN_BLOCK_CAPTURE_AUTORELEASING = YES;
				CLANG_WARN_BOOL_CONVERSION = YES;
				CLANG_WARN_COMMA = YES;
				CLANG_WARN_CONSTANT_CONVERSION = YES;
				CLANG_WARN_DEPRECATED_OBJC_IMPLEMENTATIONS = YES;
				CLANG_WARN_DIRECT_OBJC_ISA_USAGE = YES_ERROR;
				CLANG_WARN_DOCUMENTATION_COMMENTS = YES;
				CLANG_WARN_EMPTY_BODY = YES;
				CLANG_WARN_ENUM_CONVERSION = YES;
				CLANG_WARN_INFINITE_RECURSION = YES;
				CLANG_WARN_INT_CONVERSION = YES;
				CLANG_WARN_NON_LITERAL_NULL_CONVERSION = YES;
				CLANG_WARN_OBJC_IMPLICIT_RETAIN_SELF = YES;
				CLANG_WARN_OBJC_LITERAL_CONVERSION = YES;
				CLANG_WARN_OBJC_ROOT_CLASS = YES_ERROR;
				CLANG_WARN_RANGE_LOOP_ANALYSIS = YES;
				CLANG_WARN_STRICT_PROTOTYPES = YES;
				CLANG_WARN_SUSPICIOUS_MOVE = YES;
				CLANG_WARN_UNGUARDED_AVAILABILITY = YES_AGGRESSIVE;
				CLANG_WARN_UNREACHABLE_CODE = YES;
				CLANG_WARN__DUPLICATE_METHOD_MATCH = YES;
				CODE_SIGN_IDENTITY = "iPhone Developer";
				COPY_PHASE_STRIP = NO;
				DEBUG_INFORMATION_FORMAT = dwarf;
				ENABLE_STRICT_OBJC_MSGSEND = YES;
				ENABLE_TESTABILITY = YES;
				GCC_C_LANGUAGE_STANDARD = gnu11;
				GCC_DYNAMIC_NO_PIC = NO;
				GCC_NO_COMMON_BLOCKS = YES;
				GCC_OPTIMIZATION_LEVEL = 0;
				GCC_PREPROCESSOR_DEFINITIONS = (
					"DEBUG=1",
					"$(inherited)",
				);
				GCC_WARN_64_TO_32_BIT_CONVERSION = YES;
				GCC_WARN_ABOUT_RETURN_TYPE = YES_ERROR;
				GCC_WARN_UNDECLARED_SELECTOR = YES;
				GCC_WARN_UNINITIALIZED_AUTOS = YES_AGGRESSIVE;
				GCC_WARN_UNUSED_FUNCTION = YES;
				GCC_WARN_UNUSED_VARIABLE = YES;
				IPHONEOS_DEPLOYMENT_TARGET = 11.4;
				MTL_ENABLE_DEBUG_INFO = YES;
				ONLY_ACTIVE_ARCH = YES;
				SDKROOT = iphoneos;
				SWIFT_ACTIVE_COMPILATION_CONDITIONS = DEBUG;
				SWIFT_OPTIMIZATION_LEVEL = "-Onone";
			};
			name = Debug;
		};
		6137E84721117A5400E7CD29 /* Release */ = {
			isa = XCBuildConfiguration;
			buildSettings = {
				ALWAYS_SEARCH_USER_PATHS = NO;
				CLANG_ANALYZER_NONNULL = YES;
				CLANG_ANALYZER_NUMBER_OBJECT_CONVERSION = YES_AGGRESSIVE;
				CLANG_CXX_LANGUAGE_STANDARD = "gnu++14";
				CLANG_CXX_LIBRARY = "libc++";
				CLANG_ENABLE_MODULES = YES;
				CLANG_ENABLE_OBJC_ARC = YES;
				CLANG_ENABLE_OBJC_WEAK = YES;
				CLANG_WARN_BLOCK_CAPTURE_AUTORELEASING = YES;
				CLANG_WARN_BOOL_CONVERSION = YES;
				CLANG_WARN_COMMA = YES;
				CLANG_WARN_CONSTANT_CONVERSION = YES;
				CLANG_WARN_DEPRECATED_OBJC_IMPLEMENTATIONS = YES;
				CLANG_WARN_DIRECT_OBJC_ISA_USAGE = YES_ERROR;
				CLANG_WARN_DOCUMENTATION_COMMENTS = YES;
				CLANG_WARN_EMPTY_BODY = YES;
				CLANG_WARN_ENUM_CONVERSION = YES;
				CLANG_WARN_INFINITE_RECURSION = YES;
				CLANG_WARN_INT_CONVERSION = YES;
				CLANG_WARN_NON_LITERAL_NULL_CONVERSION = YES;
				CLANG_WARN_OBJC_IMPLICIT_RETAIN_SELF = YES;
				CLANG_WARN_OBJC_LITERAL_CONVERSION = YES;
				CLANG_WARN_OBJC_ROOT_CLASS = YES_ERROR;
				CLANG_WARN_RANGE_LOOP_ANALYSIS = YES;
				CLANG_WARN_STRICT_PROTOTYPES = YES;
				CLANG_WARN_SUSPICIOUS_MOVE = YES;
				CLANG_WARN_UNGUARDED_AVAILABILITY = YES_AGGRESSIVE;
				CLANG_WARN_UNREACHABLE_CODE = YES;
				CLANG_WARN__DUPLICATE_METHOD_MATCH = YES;
				CODE_SIGN_IDENTITY = "iPhone Developer";
				COPY_PHASE_STRIP = NO;
				DEBUG_INFORMATION_FORMAT = "dwarf-with-dsym";
				ENABLE_NS_ASSERTIONS = NO;
				ENABLE_STRICT_OBJC_MSGSEND = YES;
				GCC_C_LANGUAGE_STANDARD = gnu11;
				GCC_NO_COMMON_BLOCKS = YES;
				GCC_WARN_64_TO_32_BIT_CONVERSION = YES;
				GCC_WARN_ABOUT_RETURN_TYPE = YES_ERROR;
				GCC_WARN_UNDECLARED_SELECTOR = YES;
				GCC_WARN_UNINITIALIZED_AUTOS = YES_AGGRESSIVE;
				GCC_WARN_UNUSED_FUNCTION = YES;
				GCC_WARN_UNUSED_VARIABLE = YES;
				IPHONEOS_DEPLOYMENT_TARGET = 11.4;
				MTL_ENABLE_DEBUG_INFO = NO;
				SDKROOT = iphoneos;
				SWIFT_COMPILATION_MODE = wholemodule;
				SWIFT_OPTIMIZATION_LEVEL = "-O";
				VALIDATE_PRODUCT = YES;
			};
			name = Release;
		};
		6137E84921117A5400E7CD29 /* Debug */ = {
			isa = XCBuildConfiguration;
			baseConfigurationReference = 65A9A5026FFD16AA6A8F85EA /* Pods-WMProject.debug.xcconfig */;
			buildSettings = {
				ASSETCATALOG_COMPILER_APPICON_NAME = AppIcon;
				CODE_SIGN_STYLE = Automatic;
				DEVELOPMENT_TEAM = 8Q9ER3KDN4;
				INFOPLIST_FILE = WMProject/Info.plist;
				IPHONEOS_DEPLOYMENT_TARGET = 10.0;
				LD_RUNPATH_SEARCH_PATHS = (
					"$(inherited)",
					"@executable_path/Frameworks",
				);
				PRODUCT_BUNDLE_IDENTIFIER = com.10buck.WMProject;
				PRODUCT_NAME = "$(TARGET_NAME)";
				SWIFT_VERSION = 4.2;
				TARGETED_DEVICE_FAMILY = "1,2";
			};
			name = Debug;
		};
		6137E84A21117A5400E7CD29 /* Release */ = {
			isa = XCBuildConfiguration;
			baseConfigurationReference = AF50BF1A43CF6AAF6A075C11 /* Pods-WMProject.release.xcconfig */;
			buildSettings = {
				ASSETCATALOG_COMPILER_APPICON_NAME = AppIcon;
				CODE_SIGN_STYLE = Automatic;
				DEVELOPMENT_TEAM = 8Q9ER3KDN4;
				INFOPLIST_FILE = WMProject/Info.plist;
				IPHONEOS_DEPLOYMENT_TARGET = 10.0;
				LD_RUNPATH_SEARCH_PATHS = (
					"$(inherited)",
					"@executable_path/Frameworks",
				);
				PRODUCT_BUNDLE_IDENTIFIER = com.10buck.WMProject;
				PRODUCT_NAME = "$(TARGET_NAME)";
				SWIFT_VERSION = 4.2;
				TARGETED_DEVICE_FAMILY = "1,2";
			};
			name = Release;
		};
		619FC977221184FF00440A93 /* Debug */ = {
			isa = XCBuildConfiguration;
			baseConfigurationReference = C5CC20C7E2B0CBA0B2063F73 /* Pods-WMProjectTests.debug.xcconfig */;
			buildSettings = {
				BUNDLE_LOADER = "$(TEST_HOST)";
				CODE_SIGN_STYLE = Automatic;
				DEVELOPMENT_TEAM = 8Q9ER3KDN4;
				INFOPLIST_FILE = WMProjectTests/Info.plist;
				IPHONEOS_DEPLOYMENT_TARGET = 12.1;
				LD_RUNPATH_SEARCH_PATHS = (
					"$(inherited)",
					"@executable_path/Frameworks",
					"@loader_path/Frameworks",
				);
				MTL_ENABLE_DEBUG_INFO = INCLUDE_SOURCE;
				MTL_FAST_MATH = YES;
				PRODUCT_BUNDLE_IDENTIFIER = com.socialeras.WMProjectTests;
				PRODUCT_NAME = "$(TARGET_NAME)";
				SWIFT_VERSION = 4.2;
				TARGETED_DEVICE_FAMILY = "1,2";
				TEST_HOST = "$(BUILT_PRODUCTS_DIR)/WMProject.app/WMProject";
			};
			name = Debug;
		};
		619FC978221184FF00440A93 /* Release */ = {
			isa = XCBuildConfiguration;
			baseConfigurationReference = 1A6EAF1AF1DCFAE0FDB0E615 /* Pods-WMProjectTests.release.xcconfig */;
			buildSettings = {
				BUNDLE_LOADER = "$(TEST_HOST)";
				CODE_SIGN_STYLE = Automatic;
				DEVELOPMENT_TEAM = 8Q9ER3KDN4;
				INFOPLIST_FILE = WMProjectTests/Info.plist;
				IPHONEOS_DEPLOYMENT_TARGET = 12.1;
				LD_RUNPATH_SEARCH_PATHS = (
					"$(inherited)",
					"@executable_path/Frameworks",
					"@loader_path/Frameworks",
				);
				MTL_FAST_MATH = YES;
				PRODUCT_BUNDLE_IDENTIFIER = com.socialeras.WMProjectTests;
				PRODUCT_NAME = "$(TARGET_NAME)";
				SWIFT_VERSION = 4.2;
				TARGETED_DEVICE_FAMILY = "1,2";
				TEST_HOST = "$(BUILT_PRODUCTS_DIR)/WMProject.app/WMProject";
			};
			name = Release;
		};
/* End XCBuildConfiguration section */

/* Begin XCConfigurationList section */
		6137E83121117A5400E7CD29 /* Build configuration list for PBXProject "WMProject" */ = {
			isa = XCConfigurationList;
			buildConfigurations = (
				6137E84621117A5400E7CD29 /* Debug */,
				6137E84721117A5400E7CD29 /* Release */,
			);
			defaultConfigurationIsVisible = 0;
			defaultConfigurationName = Release;
		};
		6137E84821117A5400E7CD29 /* Build configuration list for PBXNativeTarget "WMProject" */ = {
			isa = XCConfigurationList;
			buildConfigurations = (
				6137E84921117A5400E7CD29 /* Debug */,
				6137E84A21117A5400E7CD29 /* Release */,
			);
			defaultConfigurationIsVisible = 0;
			defaultConfigurationName = Release;
		};
		619FC976221184FF00440A93 /* Build configuration list for PBXNativeTarget "WMProjectTests" */ = {
			isa = XCConfigurationList;
			buildConfigurations = (
				619FC977221184FF00440A93 /* Debug */,
				619FC978221184FF00440A93 /* Release */,
			);
			defaultConfigurationIsVisible = 0;
			defaultConfigurationName = Release;
		};
/* End XCConfigurationList section */
	};
	rootObject = 6137E82E21117A5400E7CD29 /* Project object */;
}
